
Microsoft Visual Studio Solution File, Format Version 12.00
# Visual Studio 15
VisualStudioVersion = 15.0.26127.3
MinimumVisualStudioVersion = 10.0.40219.1
Project("{FAE04EC0-301F-11D3-BF4B-00C04F79EFBC}") = "ABP.RenameConsole", "ABP.RenameConsole\ABP.RenameConsole.csproj", "{77F6CE24-1189-4AE8-93D1-428BBFF6622E}"
EndProject
Global
	GlobalSection(SolutionConfigurationPlatforms) = preSolution
		Debug|Any CPU = Debug|Any CPU
		Release|Any CPU = Release|Any CPU
	EndGlobalSection
	GlobalSection(ProjectConfigurationPlatforms) = postSolution
		{77F6CE24-1189-4AE8-93D1-428BBFF6622E}.Debug|Any CPU.ActiveCfg = Debug|Any CPU
		{77F6CE24-1189-4AE8-93D1-428BBFF6622E}.Debug|Any CPU.Build.0 = Debug|Any CPU
		{77F6CE24-1189-4AE8-93D1-428BBFF6622E}.Release|Any CPU.ActiveCfg = Release|Any CPU
		{77F6CE24-1189-4AE8-93D1-428BBFF6622E}.Release|Any CPU.Build.0 = Release|Any CPU
	EndGlobalSection
	GlobalSection(SolutionProperties) = preSolution
		HideSolutionNode = FALSE
	EndGlobalSection
EndGlobal
